
Microsoft Visual Studio Solution File, Format Version 12.00
# Visual Studio Version 16
VisualStudioVersion = 16.0.30804.86
MinimumVisualStudioVersion = 10.0.40219.1
Project("{9A19103F-16F7-4668-BE54-9A1E7A4F7556}") = "Inveigh", "Inveigh\Inveigh.csproj", "{84A26089-F5CA-41D1-B92A-B60994A5C714}"
EndProject
Global
	GlobalSection(SolutionConfigurationPlatforms) = preSolution
		Debug|Any CPU = Debug|Any CPU
		Release|Any CPU = Release|Any CPU
	EndGlobalSection
	GlobalSection(ProjectConfigurationPlatforms) = postSolution
		{84A26089-F5CA-41D1-B92A-B60994A5C714}.Debug|Any CPU.ActiveCfg = Debug|Any CPU
		{84A26089-F5CA-41D1-B92A-B60994A5C714}.Debug|Any CPU.Build.0 = Debug|Any CPU
		{84A26089-F5CA-41D1-B92A-B60994A5C714}.Release|Any CPU.ActiveCfg = Release|Any CPU
		{84A26089-F5CA-41D1-B92A-B60994A5C714}.Release|Any CPU.Build.0 = Release|Any CPU
	EndGlobalSection
	GlobalSection(SolutionProperties) = preSolution
		HideSolutionNode = FALSE
	EndGlobalSection
	GlobalSection(ExtensibilityGlobals) = postSolution
		SolutionGuid = {CC6C55F7-3612-49FC-B6F8-B8BF7AB9866E}
	EndGlobalSection
EndGlobal
